# THIS IS AN AUTOGENERATED FILE. DO NOT EDIT THIS FILE DIRECTLY.
# yarn lockfile v1


cookie@^0.4.1:
  version "0.4.1"
  resolved "https://registry.yarnpkg.com/cookie/-/cookie-0.4.1.tgz#afd713fe26ebd21ba95ceb61f9a8116e50a537d1"
  integrity sha512-ZwrFkGJxUR3EIoXtO+yVE69Eb7KlixbaeAWfBQB9vVsNn/o+Yw69gBWSSDK825hQNdN+wF8zELf3dFNl/kxkUA==

esbuild@^0.12.15:
  version "0.12.22"
  resolved "https://registry.yarnpkg.com/esbuild/-/esbuild-0.12.22.tgz#6031a1257b8d0307d306bed673b79c3668607f51"
  integrity sha512-yWCr9RoFehpqoe/+MwZXJpYOEIt7KOEvNnjIeMZpMSyQt+KCBASM3y7yViiN5dJRphf1wGdUz1+M4rTtWd/ulA==

jose@^3.14.3:
  version "3.15.4"
  resolved "https://registry.yarnpkg.com/jose/-/jose-3.15.4.tgz#b9ebbbe596768539fc844daf470d3d9d12d05381"
  integrity sha512-SXeGi+g5ZcNgV6o7f+Mx3Q1gaYMSBzAi3cmcZPxoeCEZPgfSCnnyfmMXzXoLDh+XL4KMtGvhOsYBoqQhnuR2rQ==
